// !$*UTF8*$!
{
	archiveVersion = 1;
	classes = {
	};
	objectVersion = 46;
	objects = {

/* Begin PBXBuildFile section */
		B02571401601496400B0E1EB /* Cocoa.framework in Frameworks */ = {isa = PBXBuildFile; fileRef = B025713F1601496400B0E1EB /* Cocoa.framework */; };
		B025714A1601496400B0E1EB /* InfoPlist.strings in Resources */ = {isa = PBXBuildFile; fileRef = B02571481601496400B0E1EB /* InfoPlist.strings */; };
		B025714C1601496400B0E1EB /* main.m in Sources */ = {isa = PBXBuildFile; fileRef = B025714B1601496400B0E1EB /* main.m */; };
		B02571531601496400B0E1EB /* AppDelegate.m in Sources */ = {isa = PBXBuildFile; fileRef = B02571521601496400B0E1EB /* AppDelegate.m */; };
		B02571561601496400B0E1EB /* MainMenu.xib in Resources */ = {isa = PBXBuildFile; fileRef = B02571541601496400B0E1EB /* MainMenu.xib */; };
		B025716816018CF000B0E1EB /* IOKit.framework in Frameworks */ = {isa = PBXBuildFile; fileRef = B025716716018CF000B0E1EB /* IOKit.framework */; };
		B025716A16018D0600B0E1EB /* DPCIManager.icns in Resources */ = {isa = PBXBuildFile; fileRef = B025716916018D0600B0E1EB /* DPCIManager.icns */; };
		B025716C16018D9600B0E1EB /* pci.ids in Resources */ = {isa = PBXBuildFile; fileRef = B025716B16018D9600B0E1EB /* pci.ids */; };
/* End PBXBuildFile section */

/* Begin PBXFileReference section */
		B025713B1601496400B0E1EB /* DPCIManager.app */ = {isa = PBXFileReference; explicitFileType = wrapper.application; includeInIndex = 0; path = DPCIManager.app; sourceTree = BUILT_PRODUCTS_DIR; };
		B025713F1601496400B0E1EB /* Cocoa.framework */ = {isa = PBXFileReference; lastKnownFileType = wrapper.framework; name = Cocoa.framework; path = System/Library/Frameworks/Cocoa.framework; sourceTree = SDKROOT; };
		B02571421601496400B0E1EB /* AppKit.framework */ = {isa = PBXFileReference; lastKnownFileType = wrapper.framework; name = AppKit.framework; path = System/Library/Frameworks/AppKit.framework; sourceTree = SDKROOT; };
		B02571431601496400B0E1EB /* CoreData.framework */ = {isa = PBXFileReference; lastKnownFileType = wrapper.framework; name = CoreData.framework; path = System/Library/Frameworks/CoreData.framework; sourceTree = SDKROOT; };
		B02571441601496400B0E1EB /* Foundation.framework */ = {isa = PBXFileReference; lastKnownFileType = wrapper.framework; name = Foundation.framework; path = System/Library/Frameworks/Foundation.framework; sourceTree = SDKROOT; };
		B02571471601496400B0E1EB /* DPCIManager-Info.plist */ = {isa = PBXFileReference; lastKnownFileType = text.plist.xml; path = "DPCIManager-Info.plist"; sourceTree = "<group>"; };
		B02571491601496400B0E1EB /* en */ = {isa = PBXFileReference; lastKnownFileType = text.plist.strings; name = en; path = en.lproj/InfoPlist.strings; sourceTree = "<group>"; };
		B025714B1601496400B0E1EB /* main.m */ = {isa = PBXFileReference; lastKnownFileType = sourcecode.c.objc; path = main.m; sourceTree = "<group>"; };
		B025714D1601496400B0E1EB /* DPCIManager-Prefix.pch */ = {isa = PBXFileReference; lastKnownFileType = sourcecode.c.h; path = "DPCIManager-Prefix.pch"; sourceTree = "<group>"; };
		B02571511601496400B0E1EB /* AppDelegate.h */ = {isa = PBXFileReference; lastKnownFileType = sourcecode.c.h; path = AppDelegate.h; sourceTree = "<group>"; };
		B02571521601496400B0E1EB /* AppDelegate.m */ = {isa = PBXFileReference; lastKnownFileType = sourcecode.c.objc; path = AppDelegate.m; sourceTree = "<group>"; };
		B02571551601496400B0E1EB /* en */ = {isa = PBXFileReference; lastKnownFileType = file.xib; name = en; path = en.lproj/MainMenu.xib; sourceTree = "<group>"; };
		B025716716018CF000B0E1EB /* IOKit.framework */ = {isa = PBXFileReference; lastKnownFileType = wrapper.framework; name = IOKit.framework; path = System/Library/Frameworks/IOKit.framework; sourceTree = SDKROOT; };
		B025716916018D0600B0E1EB /* DPCIManager.icns */ = {isa = PBXFileReference; lastKnownFileType = image.icns; path = DPCIManager.icns; sourceTree = SOURCE_ROOT; };
		B025716B16018D9600B0E1EB /* pci.ids */ = {isa = PBXFileReference; fileEncoding = 4; lastKnownFileType = text; path = pci.ids; sourceTree = SOURCE_ROOT; };
		B051DE22160682A4005CC4B6 /* Tables.h */ = {isa = PBXFileReference; lastKnownFileType = sourcecode.c.h; path = Tables.h; sourceTree = "<group>"; };
		B051DE2416068316005CC4B6 /* License.h */ = {isa = PBXFileReference; lastKnownFileType = sourcecode.c.h; path = License.h; sourceTree = "<group>"; };
/* End PBXFileReference section */

/* Begin PBXFrameworksBuildPhase section */
		B02571381601496300B0E1EB /* Frameworks */ = {
			isa = PBXFrameworksBuildPhase;
			buildActionMask = 2147483647;
			files = (
				B025716816018CF000B0E1EB /* IOKit.framework in Frameworks */,
				B02571401601496400B0E1EB /* Cocoa.framework in Frameworks */,
			);
			runOnlyForDeploymentPostprocessing = 0;
		};
/* End PBXFrameworksBuildPhase section */

/* Begin PBXGroup section */
		B02571301601496300B0E1EB = {
			isa = PBXGroup;
			children = (
				B02571451601496400B0E1EB /* DPCIManager */,
				B025713E1601496400B0E1EB /* Frameworks */,
				B025713C1601496400B0E1EB /* Products */,
			);
			sourceTree = "<group>";
		};
		B025713C1601496400B0E1EB /* Products */ = {
			isa = PBXGroup;
			children = (
				B025713B1601496400B0E1EB /* DPCIManager.app */,
			);
			name = Products;
			sourceTree = "<group>";
		};
		B025713E1601496400B0E1EB /* Frameworks */ = {
			isa = PBXGroup;
			children = (
				B025713F1601496400B0E1EB /* Cocoa.framework */,
				B02571411601496400B0E1EB /* Other Frameworks */,
			);
			name = Frameworks;
			sourceTree = "<group>";
		};
		B02571411601496400B0E1EB /* Other Frameworks */ = {
			isa = PBXGroup;
			children = (
				B025716716018CF000B0E1EB /* IOKit.framework */,
				B02571421601496400B0E1EB /* AppKit.framework */,
				B02571431601496400B0E1EB /* CoreData.framework */,
				B02571441601496400B0E1EB /* Foundation.framework */,
			);
			name = "Other Frameworks";
			sourceTree = "<group>";
		};
		B02571451601496400B0E1EB /* DPCIManager */ = {
			isa = PBXGroup;
			children = (
				B02571511601496400B0E1EB /* AppDelegate.h */,
				B02571521601496400B0E1EB /* AppDelegate.m */,
				B051DE22160682A4005CC4B6 /* Tables.h */,
				B051DE2416068316005CC4B6 /* License.h */,
				B02571541601496400B0E1EB /* MainMenu.xib */,
				B02571461601496400B0E1EB /* Supporting Files */,
			);
			path = DPCIManager;
			sourceTree = "<group>";
		};
		B02571461601496400B0E1EB /* Supporting Files */ = {
			isa = PBXGroup;
			children = (
				B02571471601496400B0E1EB /* DPCIManager-Info.plist */,
				B02571481601496400B0E1EB /* InfoPlist.strings */,
				B025716916018D0600B0E1EB /* DPCIManager.icns */,
				B025716B16018D9600B0E1EB /* pci.ids */,
				B025714B1601496400B0E1EB /* main.m */,
				B025714D1601496400B0E1EB /* DPCIManager-Prefix.pch */,
			);
			name = "Supporting Files";
			sourceTree = "<group>";
		};
/* End PBXGroup section */

/* Begin PBXNativeTarget section */
		B025713A1601496300B0E1EB /* DPCIManager */ = {
			isa = PBXNativeTarget;
			buildConfigurationList = B02571591601496400B0E1EB /* Build configuration list for PBXNativeTarget "DPCIManager" */;
			buildPhases = (
				B02571371601496300B0E1EB /* Sources */,
				B02571381601496300B0E1EB /* Frameworks */,
				B02571391601496300B0E1EB /* Resources */,
			);
			buildRules = (
			);
			dependencies = (
			);
			name = DPCIManager;
			productName = DPCIManager;
			productReference = B025713B1601496400B0E1EB /* DPCIManager.app */;
			productType = "com.apple.product-type.application";
		};
/* End PBXNativeTarget section */

/* Begin PBXProject section */
		B02571321601496300B0E1EB /* Project object */ = {
			isa = PBXProject;
			attributes = {
				LastUpgradeCheck = 0450;
				ORGANIZATIONNAME = Sourceforge;
			};
			buildConfigurationList = B02571351601496300B0E1EB /* Build configuration list for PBXProject "DPCIManager" */;
			compatibilityVersion = "Xcode 3.2";
			developmentRegion = English;
			hasScannedForEncodings = 0;
			knownRegions = (
				en,
			);
			mainGroup = B02571301601496300B0E1EB;
			productRefGroup = B025713C1601496400B0E1EB /* Products */;
			projectDirPath = "";
			projectRoot = "";
			targets = (
				B025713A1601496300B0E1EB /* DPCIManager */,
			);
		};
/* End PBXProject section */

/* Begin PBXResourcesBuildPhase section */
		B02571391601496300B0E1EB /* Resources */ = {
			isa = PBXResourcesBuildPhase;
			buildActionMask = 2147483647;
			files = (
				B025714A1601496400B0E1EB /* InfoPlist.strings in Resources */,
				B02571561601496400B0E1EB /* MainMenu.xib in Resources */,
				B025716A16018D0600B0E1EB /* DPCIManager.icns in Resources */,
				B025716C16018D9600B0E1EB /* pci.ids in Resources */,
			);
			runOnlyForDeploymentPostprocessing = 0;
		};
/* End PBXResourcesBuildPhase section */

/* Begin PBXSourcesBuildPhase section */
		B02571371601496300B0E1EB /* Sources */ = {
			isa = PBXSourcesBuildPhase;
			buildActionMask = 2147483647;
			files = (
				B025714C1601496400B0E1EB /* main.m in Sources */,
				B02571531601496400B0E1EB /* AppDelegate.m in Sources */,
			);
			runOnlyForDeploymentPostprocessing = 0;
		};
/* End PBXSourcesBuildPhase section */

/* Begin PBXVariantGroup section */
		B02571481601496400B0E1EB /* InfoPlist.strings */ = {
			isa = PBXVariantGroup;
			children = (
				B02571491601496400B0E1EB /* en */,
			);
			name = InfoPlist.strings;
			sourceTree = "<group>";
		};
		B02571541601496400B0E1EB /* MainMenu.xib */ = {
			isa = PBXVariantGroup;
			children = (
				B02571551601496400B0E1EB /* en */,
			);
			name = MainMenu.xib;
			sourceTree = "<group>";
		};
/* End PBXVariantGroup section */

/* Begin XCBuildConfiguration section */
		B02571571601496400B0E1EB /* Debug */ = {
			isa = XCBuildConfiguration;
			buildSettings = {
				ALWAYS_SEARCH_USER_PATHS = NO;
				ARCHS = "$(ARCHS_STANDARD_64_BIT)";
				CLANG_CXX_LANGUAGE_STANDARD = "gnu++0x";
				CLANG_ENABLE_OBJC_ARC = YES;
				CLANG_WARN__DUPLICATE_METHOD_MATCH = YES;
				COPY_PHASE_STRIP = NO;
				CURRENT_MARKETING_VERSION = 0.9;
				CURRENT_PROJECT_VERSION = 88;
				GCC_C_LANGUAGE_STANDARD = gnu99;
				GCC_DYNAMIC_NO_PIC = NO;
				GCC_ENABLE_OBJC_EXCEPTIONS = YES;
				GCC_OPTIMIZATION_LEVEL = 0;
				GCC_PREPROCESSOR_DEFINITIONS = (
					"DEBUG=1",
					"$(inherited)",
				);
				GCC_SYMBOLS_PRIVATE_EXTERN = NO;
				GCC_WARN_64_TO_32_BIT_CONVERSION = YES;
				GCC_WARN_ABOUT_RETURN_TYPE = YES;
				GCC_WARN_UNINITIALIZED_AUTOS = YES;
				GCC_WARN_UNUSED_VARIABLE = YES;
				MACOSX_DEPLOYMENT_TARGET = 10.8;
				ONLY_ACTIVE_ARCH = YES;
				SDKROOT = macosx;
			};
			name = Debug;
		};
		B02571581601496400B0E1EB /* Release */ = {
			isa = XCBuildConfiguration;
			buildSettings = {
				ALWAYS_SEARCH_USER_PATHS = NO;
				ARCHS = "$(ARCHS_STANDARD_64_BIT)";
				CLANG_CXX_LANGUAGE_STANDARD = "gnu++0x";
				CLANG_ENABLE_OBJC_ARC = YES;
				CLANG_WARN__DUPLICATE_METHOD_MATCH = YES;
				COPY_PHASE_STRIP = YES;
				CURRENT_MARKETING_VERSION = 0.9;
				CURRENT_PROJECT_VERSION = 88;
				DEBUG_INFORMATION_FORMAT = "dwarf-with-dsym";
				GCC_C_LANGUAGE_STANDARD = gnu99;
				GCC_ENABLE_OBJC_EXCEPTIONS = YES;
				GCC_WARN_64_TO_32_BIT_CONVERSION = YES;
				GCC_WARN_ABOUT_RETURN_TYPE = YES;
				GCC_WARN_UNINITIALIZED_AUTOS = YES;
				GCC_WARN_UNUSED_VARIABLE = YES;
				MACOSX_DEPLOYMENT_TARGET = 10.8;
				SDKROOT = macosx;
			};
			name = Release;
		};
		B025715A1601496400B0E1EB /* Debug */ = {
			isa = XCBuildConfiguration;
			buildSettings = {
				COMBINE_HIDPI_IMAGES = YES;
				GCC_PRECOMPILE_PREFIX_HEADER = YES;
				GCC_PREFIX_HEADER = "DPCIManager/DPCIManager-Prefix.pch";
				INFOPLIST_FILE = "DPCIManager/DPCIManager-Info.plist";
				PRODUCT_NAME = "$(TARGET_NAME)";
				WRAPPER_EXTENSION = app;
			};
			name = Debug;
		};
		B025715B1601496400B0E1EB /* Release */ = {
			isa = XCBuildConfiguration;
			buildSettings = {
				COMBINE_HIDPI_IMAGES = YES;
				GCC_PRECOMPILE_PREFIX_HEADER = YES;
				GCC_PREFIX_HEADER = "DPCIManager/DPCIManager-Prefix.pch";
				INFOPLIST_FILE = "DPCIManager/DPCIManager-Info.plist";
				PRODUCT_NAME = "$(TARGET_NAME)";
				WRAPPER_EXTENSION = app;
			};
			name = Release;
		};
/* End XCBuildConfiguration section */

/* Begin XCConfigurationList section */
		B02571351601496300B0E1EB /* Build configuration list for PBXProject "DPCIManager" */ = {
			isa = XCConfigurationList;
			buildConfigurations = (
				B02571571601496400B0E1EB /* Debug */,
				B02571581601496400B0E1EB /* Release */,
			);
			defaultConfigurationIsVisible = 0;
			defaultConfigurationName = Release;
		};
		B02571591601496400B0E1EB /* Build configuration list for PBXNativeTarget "DPCIManager" */ = {
			isa = XCConfigurationList;
			buildConfigurations = (
				B025715A1601496400B0E1EB /* Debug */,
				B025715B1601496400B0E1EB /* Release */,
			);
			defaultConfigurationIsVisible = 0;
			defaultConfigurationName = Release;
		};
/* End XCConfigurationList section */
	};
	rootObject = B02571321601496300B0E1EB /* Project object */;
}
